
Microsoft Visual Studio Solution File, Format Version 12.00
# Visual Studio Version 17
VisualStudioVersion = 17.10.34916.146
MinimumVisualStudioVersion = 10.0.40219.1
Project("{FAE04EC0-301F-11D3-BF4B-00C04F79EFBC}") = "MauiSqliteDemo6011464", "MauiSqliteDemo6011464\MauiSqliteDemo6011464.csproj", "{5FFF9078-8D53-4A6B-BABD-6CC65F54861A}"
EndProject
Global
	GlobalSection(SolutionConfigurationPlatforms) = preSolution
		Debug|Any CPU = Debug|Any CPU
		Release|Any CPU = Release|Any CPU
	EndGlobalSection
	GlobalSection(ProjectConfigurationPlatforms) = postSolution
		{5FFF9078-8D53-4A6B-BABD-6CC65F54861A}.Debug|Any CPU.ActiveCfg = Debug|Any CPU
		{5FFF9078-8D53-4A6B-BABD-6CC65F54861A}.Debug|Any CPU.Build.0 = Debug|Any CPU
		{5FFF9078-8D53-4A6B-BABD-6CC65F54861A}.Debug|Any CPU.Deploy.0 = Debug|Any CPU
		{5FFF9078-8D53-4A6B-BABD-6CC65F54861A}.Release|Any CPU.ActiveCfg = Release|Any CPU
		{5FFF9078-8D53-4A6B-BABD-6CC65F54861A}.Release|Any CPU.Build.0 = Release|Any CPU
		{5FFF9078-8D53-4A6B-BABD-6CC65F54861A}.Release|Any CPU.Deploy.0 = Release|Any CPU
	EndGlobalSection
	GlobalSection(SolutionProperties) = preSolution
		HideSolutionNode = FALSE
	EndGlobalSection
	GlobalSection(ExtensibilityGlobals) = postSolution
		SolutionGuid = {4A96D815-D339-4C15-BA2C-E4D9EB7E0AB9}
	EndGlobalSection
EndGlobal
